PODS:
  - GPUImage (0.1.7)
  - TesseractOCRiOS (5.0.1)

DEPENDENCIES:
  - GPUImage
  - TesseractOCRiOS

SPEC REPOS:
  https://github.com/cocoapods/specs.git:
    - GPUImage
    - TesseractOCRiOS

SPEC CHECKSUMS:
  GPUImage: 733a5f0fab92df9de1c37ba9df520a833ccb406d
  TesseractOCRiOS: 2c189465f86abb030d0c5141c90da9705b647854

PODFILE CHECKSUM: 5ac34a6b19baa939bf92f5e0a2ae2aa0da857544

COCOAPODS: 1.5.3
